
Microsoft Visual Studio Solution File, Format Version 12.00
# Visual Studio 2012
Project("{E24C65DC-7377-472B-9ABA-BC803B73C61A}") = "DesignWithBlendSite", "DesignWithBlendSite\", "{3609CE08-59E4-43A3-9064-1E926A7BE41F}"
	ProjectSection(WebsiteProperties) = preProject
		Frontpage = "false"
		TargetFrameworkMoniker = ".NETFramework,Version%3Dv4.0"
		Debug.AspNetCompiler.VirtualPath = "/DesignWithBlendSite"
		Debug.AspNetCompiler.PhysicalPath = "DesignWithBlendSite\"
		Debug.AspNetCompiler.TargetPath = "PrecompiledWeb\DesignWithBlendSite\"
		Debug.AspNetCompiler.Updateable = "true"
		Debug.AspNetCompiler.ForceOverwrite = "true"
		Debug.AspNetCompiler.FixedNames = "false"
		Debug.AspNetCompiler.Debug = "True"
		Release.AspNetCompiler.VirtualPath = "/DesignWithBlendSite"
		Release.AspNetCompiler.PhysicalPath = "DesignWithBlendSite\"
		Release.AspNetCompiler.TargetPath = "PrecompiledWeb\DesignWithBlendSite\"
		Release.AspNetCompiler.Updateable = "true"
		Release.AspNetCompiler.ForceOverwrite = "true"
		Release.AspNetCompiler.FixedNames = "false"
		Release.AspNetCompiler.Debug = "False"
		VWDPort = "29690"
		ProjOutputReferences = "{4bd4e068-d832-463c-9129-51a8b6c99797}|ClientBin|false;"
	EndProjectSection
EndProject
Project("{FAE04EC0-301F-11D3-BF4B-00C04F79EFBC}") = "DesignWithBlend", "DesignWithBlend\DesignWithBlend.csproj", "{4BD4E068-D832-463C-9129-51A8B6C99797}"
EndProject
Global
	GlobalSection(SolutionConfigurationPlatforms) = preSolution
		Debug|Any CPU = Debug|Any CPU
		Release|Any CPU = Release|Any CPU
	EndGlobalSection
	GlobalSection(ProjectConfigurationPlatforms) = postSolution
		{3609CE08-59E4-43A3-9064-1E926A7BE41F}.Debug|Any CPU.ActiveCfg = Debug|Any CPU
		{3609CE08-59E4-43A3-9064-1E926A7BE41F}.Debug|Any CPU.Build.0 = Debug|Any CPU
		{3609CE08-59E4-43A3-9064-1E926A7BE41F}.Release|Any CPU.ActiveCfg = Debug|Any CPU
		{3609CE08-59E4-43A3-9064-1E926A7BE41F}.Release|Any CPU.Build.0 = Debug|Any CPU
		{4BD4E068-D832-463C-9129-51A8B6C99797}.Debug|Any CPU.ActiveCfg = Debug|Any CPU
		{4BD4E068-D832-463C-9129-51A8B6C99797}.Debug|Any CPU.Build.0 = Debug|Any CPU
		{4BD4E068-D832-463C-9129-51A8B6C99797}.Release|Any CPU.ActiveCfg = Release|Any CPU
		{4BD4E068-D832-463C-9129-51A8B6C99797}.Release|Any CPU.Build.0 = Release|Any CPU
	EndGlobalSection
	GlobalSection(SolutionProperties) = preSolution
		HideSolutionNode = FALSE
	EndGlobalSection
	GlobalSection(ExtensibilityGlobals) = postSolution
		SolutionGuid = {37C9C9B5-D8FF-4627-A9C8-1FB4F975DA09}
	EndGlobalSection
EndGlobal
