
Microsoft Visual Studio Solution File, Format Version 11.00
# Visual Studio 2010
Project("{FAE04EC0-301F-11D3-BF4B-00C04F79EFBC}") = "WPFTasks", "WPFTasks\WPFTasks.csproj", "{24cb28b4-f5a5-4b5f-949c-d6698f1c68fe}"
EndProject
Global
	GlobalSection(SolutionConfigurationPlatforms) = preSolution
		Debug|Any CPU = Debug|Any CPU
		Release|Any CPU = Release|Any CPU
	EndGlobalSection
	GlobalSection(ProjectConfigurationPlatforms) = postSolution
		{24CB28B4-F5A5-4B5F-949C-D6698F1C68FE}.Debug|Any CPU.ActiveCfg = Debug|Any CPU
		{24CB28B4-F5A5-4B5F-949C-D6698F1C68FE}.Debug|Any CPU.Build.0 = Debug|Any CPU
		{24CB28B4-F5A5-4B5F-949C-D6698F1C68FE}.Release|Any CPU.ActiveCfg = Release|Any CPU
		{24CB28B4-F5A5-4B5F-949C-D6698F1C68FE}.Release|Any CPU.Build.0 = Release|Any CPU
	EndGlobalSection
EndGlobal
