
Microsoft Visual Studio Solution File, Format Version 11.00
# Visual Studio 2010
Project("{FAE04EC0-301F-11D3-BF4B-00C04F79EFBC}") = "MyFirstSketchflow", "MyFirstSketchflow\MyFirstSketchflow.csproj", "{505c8898-9a3b-4c8d-842b-e8b425a59a06}"
EndProject
Project("{FAE04EC0-301F-11D3-BF4B-00C04F79EFBC}") = "MyFirstSketchflowScreens", "MyFirstSketchflow\MyFirstSketchflowScreens\MyFirstSketchflowScreens.csproj", "{dd436270-56cb-45f5-9db5-d6ae3fa28ef3}"
EndProject
Global
	GlobalSection(SolutionConfigurationPlatforms) = preSolution
		Debug|Any CPU = Debug|Any CPU
		Release|Any CPU = Release|Any CPU
	EndGlobalSection
	GlobalSection(ProjectConfigurationPlatforms) = postSolution
		{505C8898-9A3B-4C8D-842B-E8B425A59A06}.Debug|Any CPU.ActiveCfg = Debug|Any CPU
		{505C8898-9A3B-4C8D-842B-E8B425A59A06}.Debug|Any CPU.Build.0 = Debug|Any CPU
		{505C8898-9A3B-4C8D-842B-E8B425A59A06}.Release|Any CPU.ActiveCfg = Release|Any CPU
		{505C8898-9A3B-4C8D-842B-E8B425A59A06}.Release|Any CPU.Build.0 = Release|Any CPU
		{DD436270-56CB-45F5-9DB5-D6AE3FA28EF3}.Debug|Any CPU.ActiveCfg = Debug|Any CPU
		{DD436270-56CB-45F5-9DB5-D6AE3FA28EF3}.Debug|Any CPU.Build.0 = Debug|Any CPU
		{DD436270-56CB-45F5-9DB5-D6AE3FA28EF3}.Release|Any CPU.ActiveCfg = Release|Any CPU
		{DD436270-56CB-45F5-9DB5-D6AE3FA28EF3}.Release|Any CPU.Build.0 = Release|Any CPU
	EndGlobalSection
EndGlobal
