
Microsoft Visual Studio Solution File, Format Version 11.00
# Visual Studio 2010
Project("{E24C65DC-7377-472B-9ABA-BC803B73C61A}") = "AdvancedBlendSite", "AdvancedBlendSite\", "{7BD45B97-FCCF-43CA-8D1B-E5A9247FDF85}"
	ProjectSection(WebsiteProperties) = preProject
		TargetFrameworkMoniker = ".NETFramework,Version%3Dv4.0"
		Debug.AspNetCompiler.VirtualPath = "/AdvancedBlendSite"
		Debug.AspNetCompiler.PhysicalPath = "AdvancedBlendSite\"
		Debug.AspNetCompiler.TargetPath = "PrecompiledWeb\AdvancedBlendSite\"
		Debug.AspNetCompiler.Updateable = "true"
		Debug.AspNetCompiler.ForceOverwrite = "true"
		Debug.AspNetCompiler.FixedNames = "false"
		Debug.AspNetCompiler.Debug = "True"
		Release.AspNetCompiler.VirtualPath = "/AdvancedBlendSite"
		Release.AspNetCompiler.PhysicalPath = "AdvancedBlendSite\"
		Release.AspNetCompiler.TargetPath = "PrecompiledWeb\AdvancedBlendSite\"
		Release.AspNetCompiler.Updateable = "true"
		Release.AspNetCompiler.ForceOverwrite = "true"
		Release.AspNetCompiler.FixedNames = "false"
		Release.AspNetCompiler.Debug = "False"
		VWDPort = "38828"
		ProjOutputReferences = "{514d07e9-481b-43fa-80ac-042bc42383df}|ClientBin|false;"
	EndProjectSection
EndProject
Project("{FAE04EC0-301F-11D3-BF4B-00C04F79EFBC}") = "AdvancedBlend", "AdvancedBlend\AdvancedBlend.csproj", "{514D07E9-481B-43FA-80AC-042BC42383DF}"
EndProject
Global
	GlobalSection(SolutionConfigurationPlatforms) = preSolution
		Debug|Any CPU = Debug|Any CPU
		Release|Any CPU = Release|Any CPU
	EndGlobalSection
	GlobalSection(ProjectConfigurationPlatforms) = postSolution
		{7BD45B97-FCCF-43CA-8D1B-E5A9247FDF85}.Debug|Any CPU.ActiveCfg = Debug|Any CPU
		{7BD45B97-FCCF-43CA-8D1B-E5A9247FDF85}.Debug|Any CPU.Build.0 = Debug|Any CPU
		{7BD45B97-FCCF-43CA-8D1B-E5A9247FDF85}.Release|Any CPU.ActiveCfg = Release|Any CPU
		{7BD45B97-FCCF-43CA-8D1B-E5A9247FDF85}.Release|Any CPU.Build.0 = Release|Any CPU
		{514D07E9-481B-43FA-80AC-042BC42383DF}.Debug|Any CPU.ActiveCfg = Debug|Any CPU
		{514D07E9-481B-43FA-80AC-042BC42383DF}.Debug|Any CPU.Build.0 = Debug|Any CPU
		{514D07E9-481B-43FA-80AC-042BC42383DF}.Release|Any CPU.ActiveCfg = Release|Any CPU
		{514D07E9-481B-43FA-80AC-042BC42383DF}.Release|Any CPU.Build.0 = Release|Any CPU
	EndGlobalSection
	GlobalSection(SolutionProperties) = preSolution
		HideSolutionNode = FALSE
	EndGlobalSection
EndGlobal
